// !$*UTF8*$!
{
	archiveVersion = 1;
	classes = {
	};
	objectVersion = 56;
	objects = {

/* Begin PBXBuildFile section */
		314F395C2971517500A8E793 /* AppDelegate.swift in Sources */ = {isa = PBXBuildFile; fileRef = 314F395B2971517500A8E793 /* AppDelegate.swift */; };
		314F395E2971517500A8E793 /* SceneDelegate.swift in Sources */ = {isa = PBXBuildFile; fileRef = 314F395D2971517500A8E793 /* SceneDelegate.swift */; };
		314F39602971517500A8E793 /* ViewController.swift in Sources */ = {isa = PBXBuildFile; fileRef = 314F395F2971517500A8E793 /* ViewController.swift */; };
		314F39632971517500A8E793 /* Main.storyboard in Resources */ = {isa = PBXBuildFile; fileRef = 314F39612971517500A8E793 /* Main.storyboard */; };
		314F39652971517700A8E793 /* Assets.xcassets in Resources */ = {isa = PBXBuildFile; fileRef = 314F39642971517700A8E793 /* Assets.xcassets */; };
		314F39682971517700A8E793 /* LaunchScreen.storyboard in Resources */ = {isa = PBXBuildFile; fileRef = 314F39662971517700A8E793 /* LaunchScreen.storyboard */; };
		314F39732971517700A8E793 /* LayoutTests.swift in Sources */ = {isa = PBXBuildFile; fileRef = 314F39722971517700A8E793 /* LayoutTests.swift */; };
		314F397D2971517700A8E793 /* LayoutUITests.swift in Sources */ = {isa = PBXBuildFile; fileRef = 314F397C2971517700A8E793 /* LayoutUITests.swift */; };
		314F397F2971517700A8E793 /* LayoutUITestsLaunchTests.swift in Sources */ = {isa = PBXBuildFile; fileRef = 314F397E2971517700A8E793 /* LayoutUITestsLaunchTests.swift */; };
/* End PBXBuildFile section */

/* Begin PBXContainerItemProxy section */
		314F396F2971517700A8E793 /* PBXContainerItemProxy */ = {
			isa = PBXContainerItemProxy;
			containerPortal = 314F39502971517500A8E793 /* Project object */;
			proxyType = 1;
			remoteGlobalIDString = 314F39572971517500A8E793;
			remoteInfo = Layout;
		};
		314F39792971517700A8E793 /* PBXContainerItemProxy */ = {
			isa = PBXContainerItemProxy;
			containerPortal = 314F39502971517500A8E793 /* Project object */;
			proxyType = 1;
			remoteGlobalIDString = 314F39572971517500A8E793;
			remoteInfo = Layout;
		};
/* End PBXContainerItemProxy section */

/* Begin PBXFileReference section */
		314F39582971517500A8E793 /* Layout.app */ = {isa = PBXFileReference; explicitFileType = wrapper.application; includeInIndex = 0; path = Layout.app; sourceTree = BUILT_PRODUCTS_DIR; };
		314F395B2971517500A8E793 /* AppDelegate.swift */ = {isa = PBXFileReference; lastKnownFileType = sourcecode.swift; path = AppDelegate.swift; sourceTree = "<group>"; };
		314F395D2971517500A8E793 /* SceneDelegate.swift */ = {isa = PBXFileReference; lastKnownFileType = sourcecode.swift; path = SceneDelegate.swift; sourceTree = "<group>"; };
		314F395F2971517500A8E793 /* ViewController.swift */ = {isa = PBXFileReference; lastKnownFileType = sourcecode.swift; path = ViewController.swift; sourceTree = "<group>"; };
		314F39622971517500A8E793 /* Base */ = {isa = PBXFileReference; lastKnownFileType = file.storyboard; name = Base; path = Base.lproj/Main.storyboard; sourceTree = "<group>"; };
		314F39642971517700A8E793 /* Assets.xcassets */ = {isa = PBXFileReference; lastKnownFileType = folder.assetcatalog; path = Assets.xcassets; sourceTree = "<group>"; };
		314F39672971517700A8E793 /* Base */ = {isa = PBXFileReference; lastKnownFileType = file.storyboard; name = Base; path = Base.lproj/LaunchScreen.storyboard; sourceTree = "<group>"; };
		314F39692971517700A8E793 /* Info.plist */ = {isa = PBXFileReference; lastKnownFileType = text.plist.xml; path = Info.plist; sourceTree = "<group>"; };
		314F396E2971517700A8E793 /* LayoutTests.xctest */ = {isa = PBXFileReference; explicitFileType = wrapper.cfbundle; includeInIndex = 0; path = LayoutTests.xctest; sourceTree = BUILT_PRODUCTS_DIR; };
		314F39722971517700A8E793 /* LayoutTests.swift */ = {isa = PBXFileReference; lastKnownFileType = sourcecode.swift; path = LayoutTests.swift; sourceTree = "<group>"; };
		314F39782971517700A8E793 /* LayoutUITests.xctest */ = {isa = PBXFileReference; explicitFileType = wrapper.cfbundle; includeInIndex = 0; path = LayoutUITests.xctest; sourceTree = BUILT_PRODUCTS_DIR; };
		314F397C2971517700A8E793 /* LayoutUITests.swift */ = {isa = PBXFileReference; lastKnownFileType = sourcecode.swift; path = LayoutUITests.swift; sourceTree = "<group>"; };
		314F397E2971517700A8E793 /* LayoutUITestsLaunchTests.swift */ = {isa = PBXFileReference; lastKnownFileType = sourcecode.swift; path = LayoutUITestsLaunchTests.swift; sourceTree = "<group>"; };
/* End PBXFileReference section */

/* Begin PBXFrameworksBuildPhase section */
		314F39552971517500A8E793 /* Frameworks */ = {
			isa = PBXFrameworksBuildPhase;
			buildActionMask = 2147483647;
			files = (
			);
			runOnlyForDeploymentPostprocessing = 0;
		};
		314F396B2971517700A8E793 /* Frameworks */ = {
			isa = PBXFrameworksBuildPhase;
			buildActionMask = 2147483647;
			files = (
			);
			runOnlyForDeploymentPostprocessing = 0;
		};
		314F39752971517700A8E793 /* Frameworks */ = {
			isa = PBXFrameworksBuildPhase;
			buildActionMask = 2147483647;
			files = (
			);
			runOnlyForDeploymentPostprocessing = 0;
		};
/* End PBXFrameworksBuildPhase section */

/* Begin PBXGroup section */
		314F394F2971517500A8E793 = {
			isa = PBXGroup;
			children = (
				314F395A2971517500A8E793 /* Layout */,
				314F39712971517700A8E793 /* LayoutTests */,
				314F397B2971517700A8E793 /* LayoutUITests */,
				314F39592971517500A8E793 /* Products */,
			);
			sourceTree = "<group>";
		};
		314F39592971517500A8E793 /* Products */ = {
			isa = PBXGroup;
			children = (
				314F39582971517500A8E793 /* Layout.app */,
				314F396E2971517700A8E793 /* LayoutTests.xctest */,
				314F39782971517700A8E793 /* LayoutUITests.xctest */,
			);
			name = Products;
			sourceTree = "<group>";
		};
		314F395A2971517500A8E793 /* Layout */ = {
			isa = PBXGroup;
			children = (
				314F395B2971517500A8E793 /* AppDelegate.swift */,
				314F395D2971517500A8E793 /* SceneDelegate.swift */,
				314F395F2971517500A8E793 /* ViewController.swift */,
				314F39612971517500A8E793 /* Main.storyboard */,
				314F39642971517700A8E793 /* Assets.xcassets */,
				314F39662971517700A8E793 /* LaunchScreen.storyboard */,
				314F39692971517700A8E793 /* Info.plist */,
			);
			path = Layout;
			sourceTree = "<group>";
		};
		314F39712971517700A8E793 /* LayoutTests */ = {
			isa = PBXGroup;
			children = (
				314F39722971517700A8E793 /* LayoutTests.swift */,
			);
			path = LayoutTests;
			sourceTree = "<group>";
		};
		314F397B2971517700A8E793 /* LayoutUITests */ = {
			isa = PBXGroup;
			children = (
				314F397C2971517700A8E793 /* LayoutUITests.swift */,
				314F397E2971517700A8E793 /* LayoutUITestsLaunchTests.swift */,
			);
			path = LayoutUITests;
			sourceTree = "<group>";
		};
/* End PBXGroup section */

/* Begin PBXNativeTarget section */
		314F39572971517500A8E793 /* Layout */ = {
			isa = PBXNativeTarget;
			buildConfigurationList = 314F39822971517700A8E793 /* Build configuration list for PBXNativeTarget "Layout" */;
			buildPhases = (
				314F39542971517500A8E793 /* Sources */,
				314F39552971517500A8E793 /* Frameworks */,
				314F39562971517500A8E793 /* Resources */,
			);
			buildRules = (
			);
			dependencies = (
			);
			name = Layout;
			productName = Layout;
			productReference = 314F39582971517500A8E793 /* Layout.app */;
			productType = "com.apple.product-type.application";
		};
		314F396D2971517700A8E793 /* LayoutTests */ = {
			isa = PBXNativeTarget;
			buildConfigurationList = 314F39852971517700A8E793 /* Build configuration list for PBXNativeTarget "LayoutTests" */;
			buildPhases = (
				314F396A2971517700A8E793 /* Sources */,
				314F396B2971517700A8E793 /* Frameworks */,
				314F396C2971517700A8E793 /* Resources */,
			);
			buildRules = (
			);
			dependencies = (
				314F39702971517700A8E793 /* PBXTargetDependency */,
			);
			name = LayoutTests;
			productName = LayoutTests;
			productReference = 314F396E2971517700A8E793 /* LayoutTests.xctest */;
			productType = "com.apple.product-type.bundle.unit-test";
		};
		314F39772971517700A8E793 /* LayoutUITests */ = {
			isa = PBXNativeTarget;
			buildConfigurationList = 314F39882971517700A8E793 /* Build configuration list for PBXNativeTarget "LayoutUITests" */;
			buildPhases = (
				314F39742971517700A8E793 /* Sources */,
				314F39752971517700A8E793 /* Frameworks */,
				314F39762971517700A8E793 /* Resources */,
			);
			buildRules = (
			);
			dependencies = (
				314F397A2971517700A8E793 /* PBXTargetDependency */,
			);
			name = LayoutUITests;
			productName = LayoutUITests;
			productReference = 314F39782971517700A8E793 /* LayoutUITests.xctest */;
			productType = "com.apple.product-type.bundle.ui-testing";
		};
/* End PBXNativeTarget section */

/* Begin PBXProject section */
		314F39502971517500A8E793 /* Project object */ = {
			isa = PBXProject;
			attributes = {
				BuildIndependentTargetsInParallel = 1;
				LastSwiftUpdateCheck = 1400;
				LastUpgradeCheck = 1400;
				TargetAttributes = {
					314F39572971517500A8E793 = {
						CreatedOnToolsVersion = 14.0.1;
					};
					314F396D2971517700A8E793 = {
						CreatedOnToolsVersion = 14.0.1;
						TestTargetID = 314F39572971517500A8E793;
					};
					314F39772971517700A8E793 = {
						CreatedOnToolsVersion = 14.0.1;
						TestTargetID = 314F39572971517500A8E793;
					};
				};
			};
			buildConfigurationList = 314F39532971517500A8E793 /* Build configuration list for PBXProject "Layout" */;
			compatibilityVersion = "Xcode 14.0";
			developmentRegion = en;
			hasScannedForEncodings = 0;
			knownRegions = (
				en,
				Base,
			);
			mainGroup = 314F394F2971517500A8E793;
			productRefGroup = 314F39592971517500A8E793 /* Products */;
			projectDirPath = "";
			projectRoot = "";
			targets = (
				314F39572971517500A8E793 /* Layout */,
				314F396D2971517700A8E793 /* LayoutTests */,
				314F39772971517700A8E793 /* LayoutUITests */,
			);
		};
/* End PBXProject section */

/* Begin PBXResourcesBuildPhase section */
		314F39562971517500A8E793 /* Resources */ = {
			isa = PBXResourcesBuildPhase;
			buildActionMask = 2147483647;
			files = (
				314F39682971517700A8E793 /* LaunchScreen.storyboard in Resources */,
				314F39652971517700A8E793 /* Assets.xcassets in Resources */,
				314F39632971517500A8E793 /* Main.storyboard in Resources */,
			);
			runOnlyForDeploymentPostprocessing = 0;
		};
		314F396C2971517700A8E793 /* Resources */ = {
			isa = PBXResourcesBuildPhase;
			buildActionMask = 2147483647;
			files = (
			);
			runOnlyForDeploymentPostprocessing = 0;
		};
		314F39762971517700A8E793 /* Resources */ = {
			isa = PBXResourcesBuildPhase;
			buildActionMask = 2147483647;
			files = (
			);
			runOnlyForDeploymentPostprocessing = 0;
		};
/* End PBXResourcesBuildPhase section */

/* Begin PBXSourcesBuildPhase section */
		314F39542971517500A8E793 /* Sources */ = {
			isa = PBXSourcesBuildPhase;
			buildActionMask = 2147483647;
			files = (
				314F39602971517500A8E793 /* ViewController.swift in Sources */,
				314F395C2971517500A8E793 /* AppDelegate.swift in Sources */,
				314F395E2971517500A8E793 /* SceneDelegate.swift in Sources */,
			);
			runOnlyForDeploymentPostprocessing = 0;
		};
		314F396A2971517700A8E793 /* Sources */ = {
			isa = PBXSourcesBuildPhase;
			buildActionMask = 2147483647;
			files = (
				314F39732971517700A8E793 /* LayoutTests.swift in Sources */,
			);
			runOnlyForDeploymentPostprocessing = 0;
		};
		314F39742971517700A8E793 /* Sources */ = {
			isa = PBXSourcesBuildPhase;
			buildActionMask = 2147483647;
			files = (
				314F397F2971517700A8E793 /* LayoutUITestsLaunchTests.swift in Sources */,
				314F397D2971517700A8E793 /* LayoutUITests.swift in Sources */,
			);
			runOnlyForDeploymentPostprocessing = 0;
		};
/* End PBXSourcesBuildPhase section */

/* Begin PBXTargetDependency section */
		314F39702971517700A8E793 /* PBXTargetDependency */ = {
			isa = PBXTargetDependency;
			target = 314F39572971517500A8E793 /* Layout */;
			targetProxy = 314F396F2971517700A8E793 /* PBXContainerItemProxy */;
		};
		314F397A2971517700A8E793 /* PBXTargetDependency */ = {
			isa = PBXTargetDependency;
			target = 314F39572971517500A8E793 /* Layout */;
			targetProxy = 314F39792971517700A8E793 /* PBXContainerItemProxy */;
		};
/* End PBXTargetDependency section */

/* Begin PBXVariantGroup section */
		314F39612971517500A8E793 /* Main.storyboard */ = {
			isa = PBXVariantGroup;
			children = (
				314F39622971517500A8E793 /* Base */,
			);
			name = Main.storyboard;
			sourceTree = "<group>";
		};
		314F39662971517700A8E793 /* LaunchScreen.storyboard */ = {
			isa = PBXVariantGroup;
			children = (
				314F39672971517700A8E793 /* Base */,
			);
			name = LaunchScreen.storyboard;
			sourceTree = "<group>";
		};
/* End PBXVariantGroup section */

/* Begin XCBuildConfiguration section */
		314F39802971517700A8E793 /* Debug */ = {
			isa = XCBuildConfiguration;
			buildSettings = {
				ALWAYS_SEARCH_USER_PATHS = NO;
				CLANG_ANALYZER_NONNULL = YES;
				CLANG_ANALYZER_NUMBER_OBJECT_CONVERSION = YES_AGGRESSIVE;
				CLANG_CXX_LANGUAGE_STANDARD = "gnu++20";
				CLANG_ENABLE_MODULES = YES;
				CLANG_ENABLE_OBJC_ARC = YES;
				CLANG_ENABLE_OBJC_WEAK = YES;
				CLANG_WARN_BLOCK_CAPTURE_AUTORELEASING = YES;
				CLANG_WARN_BOOL_CONVERSION = YES;
				CLANG_WARN_COMMA = YES;
				CLANG_WARN_CONSTANT_CONVERSION = YES;
				CLANG_WARN_DEPRECATED_OBJC_IMPLEMENTATIONS = YES;
				CLANG_WARN_DIRECT_OBJC_ISA_USAGE = YES_ERROR;
				CLANG_WARN_DOCUMENTATION_COMMENTS = YES;
				CLANG_WARN_EMPTY_BODY = YES;
				CLANG_WARN_ENUM_CONVERSION = YES;
				CLANG_WARN_INFINITE_RECURSION = YES;
				CLANG_WARN_INT_CONVERSION = YES;
				CLANG_WARN_NON_LITERAL_NULL_CONVERSION = YES;
				CLANG_WARN_OBJC_IMPLICIT_RETAIN_SELF = YES;
				CLANG_WARN_OBJC_LITERAL_CONVERSION = YES;
				CLANG_WARN_OBJC_ROOT_CLASS = YES_ERROR;
				CLANG_WARN_QUOTED_INCLUDE_IN_FRAMEWORK_HEADER = YES;
				CLANG_WARN_RANGE_LOOP_ANALYSIS = YES;
				CLANG_WARN_STRICT_PROTOTYPES = YES;
				CLANG_WARN_SUSPICIOUS_MOVE = YES;
				CLANG_WARN_UNGUARDED_AVAILABILITY = YES_AGGRESSIVE;
				CLANG_WARN_UNREACHABLE_CODE = YES;
				CLANG_WARN__DUPLICATE_METHOD_MATCH = YES;
				COPY_PHASE_STRIP = NO;
				DEBUG_INFORMATION_FORMAT = dwarf;
				ENABLE_STRICT_OBJC_MSGSEND = YES;
				ENABLE_TESTABILITY = YES;
				GCC_C_LANGUAGE_STANDARD = gnu11;
				GCC_DYNAMIC_NO_PIC = NO;
				GCC_NO_COMMON_BLOCKS = YES;
				GCC_OPTIMIZATION_LEVEL = 0;
				GCC_PREPROCESSOR_DEFINITIONS = (
					"DEBUG=1",
					"$(inherited)",
				);
				GCC_WARN_64_TO_32_BIT_CONVERSION = YES;
				GCC_WARN_ABOUT_RETURN_TYPE = YES_ERROR;
				GCC_WARN_UNDECLARED_SELECTOR = YES;
				GCC_WARN_UNINITIALIZED_AUTOS = YES_AGGRESSIVE;
				GCC_WARN_UNUSED_FUNCTION = YES;
				GCC_WARN_UNUSED_VARIABLE = YES;
				IPHONEOS_DEPLOYMENT_TARGET = 16.0;
				MTL_ENABLE_DEBUG_INFO = INCLUDE_SOURCE;
				MTL_FAST_MATH = YES;
				ONLY_ACTIVE_ARCH = YES;
				SDKROOT = iphoneos;
				SWIFT_ACTIVE_COMPILATION_CONDITIONS = DEBUG;
				SWIFT_OPTIMIZATION_LEVEL = "-Onone";
			};
			name = Debug;
		};
		314F39812971517700A8E793 /* Release */ = {
			isa = XCBuildConfiguration;
			buildSettings = {
				ALWAYS_SEARCH_USER_PATHS = NO;
				CLANG_ANALYZER_NONNULL = YES;
				CLANG_ANALYZER_NUMBER_OBJECT_CONVERSION = YES_AGGRESSIVE;
				CLANG_CXX_LANGUAGE_STANDARD = "gnu++20";
				CLANG_ENABLE_MODULES = YES;
				CLANG_ENABLE_OBJC_ARC = YES;
				CLANG_ENABLE_OBJC_WEAK = YES;
				CLANG_WARN_BLOCK_CAPTURE_AUTORELEASING = YES;
				CLANG_WARN_BOOL_CONVERSION = YES;
				CLANG_WARN_COMMA = YES;
				CLANG_WARN_CONSTANT_CONVERSION = YES;
				CLANG_WARN_DEPRECATED_OBJC_IMPLEMENTATIONS = YES;
				CLANG_WARN_DIRECT_OBJC_ISA_USAGE = YES_ERROR;
				CLANG_WARN_DOCUMENTATION_COMMENTS = YES;
				CLANG_WARN_EMPTY_BODY = YES;
				CLANG_WARN_ENUM_CONVERSION = YES;
				CLANG_WARN_INFINITE_RECURSION = YES;
				CLANG_WARN_INT_CONVERSION = YES;
				CLANG_WARN_NON_LITERAL_NULL_CONVERSION = YES;
				CLANG_WARN_OBJC_IMPLICIT_RETAIN_SELF = YES;
				CLANG_WARN_OBJC_LITERAL_CONVERSION = YES;
				CLANG_WARN_OBJC_ROOT_CLASS = YES_ERROR;
				CLANG_WARN_QUOTED_INCLUDE_IN_FRAMEWORK_HEADER = YES;
				CLANG_WARN_RANGE_LOOP_ANALYSIS = YES;
				CLANG_WARN_STRICT_PROTOTYPES = YES;
				CLANG_WARN_SUSPICIOUS_MOVE = YES;
				CLANG_WARN_UNGUARDED_AVAILABILITY = YES_AGGRESSIVE;
				CLANG_WARN_UNREACHABLE_CODE = YES;
				CLANG_WARN__DUPLICATE_METHOD_MATCH = YES;
				COPY_PHASE_STRIP = NO;
				DEBUG_INFORMATION_FORMAT = "dwarf-with-dsym";
				ENABLE_NS_ASSERTIONS = NO;
				ENABLE_STRICT_OBJC_MSGSEND = YES;
				GCC_C_LANGUAGE_STANDARD = gnu11;
				GCC_NO_COMMON_BLOCKS = YES;
				GCC_WARN_64_TO_32_BIT_CONVERSION = YES;
				GCC_WARN_ABOUT_RETURN_TYPE = YES_ERROR;
				GCC_WARN_UNDECLARED_SELECTOR = YES;
				GCC_WARN_UNINITIALIZED_AUTOS = YES_AGGRESSIVE;
				GCC_WARN_UNUSED_FUNCTION = YES;
				GCC_WARN_UNUSED_VARIABLE = YES;
				IPHONEOS_DEPLOYMENT_TARGET = 16.0;
				MTL_ENABLE_DEBUG_INFO = NO;
				MTL_FAST_MATH = YES;
				SDKROOT = iphoneos;
				SWIFT_COMPILATION_MODE = wholemodule;
				SWIFT_OPTIMIZATION_LEVEL = "-O";
				VALIDATE_PRODUCT = YES;
			};
			name = Release;
		};
		314F39832971517700A8E793 /* Debug */ = {
			isa = XCBuildConfiguration;
			buildSettings = {
				ASSETCATALOG_COMPILER_APPICON_NAME = AppIcon;
				ASSETCATALOG_COMPILER_GLOBAL_ACCENT_COLOR_NAME = AccentColor;
				CODE_SIGN_STYLE = Automatic;
				CURRENT_PROJECT_VERSION = 1;
				DEVELOPMENT_TEAM = 89V38JVH85;
				GENERATE_INFOPLIST_FILE = YES;
				INFOPLIST_FILE = Layout/Info.plist;
				INFOPLIST_KEY_UIApplicationSupportsIndirectInputEvents = YES;
				INFOPLIST_KEY_UILaunchStoryboardName = LaunchScreen;
				INFOPLIST_KEY_UIMainStoryboardFile = Main;
				INFOPLIST_KEY_UISupportedInterfaceOrientations_iPad = "UIInterfaceOrientationPortrait UIInterfaceOrientationPortraitUpsideDown UIInterfaceOrientationLandscapeLeft UIInterfaceOrientationLandscapeRight";
				INFOPLIST_KEY_UISupportedInterfaceOrientations_iPhone = "UIInterfaceOrientationPortrait UIInterfaceOrientationLandscapeLeft UIInterfaceOrientationLandscapeRight";
				LD_RUNPATH_SEARCH_PATHS = (
					"$(inherited)",
					"@executable_path/Frameworks",
				);
				MARKETING_VERSION = 1.0;
				PRODUCT_BUNDLE_IDENTIFIER = com.melisaozturk.layout.Layout;
				PRODUCT_NAME = "$(TARGET_NAME)";
				SWIFT_EMIT_LOC_STRINGS = YES;
				SWIFT_VERSION = 5.0;
				TARGETED_DEVICE_FAMILY = "1,2";
			};
			name = Debug;
		};
		314F39842971517700A8E793 /* Release */ = {
			isa = XCBuildConfiguration;
			buildSettings = {
				ASSETCATALOG_COMPILER_APPICON_NAME = AppIcon;
				ASSETCATALOG_COMPILER_GLOBAL_ACCENT_COLOR_NAME = AccentColor;
				CODE_SIGN_STYLE = Automatic;
				CURRENT_PROJECT_VERSION = 1;
				DEVELOPMENT_TEAM = 89V38JVH85;
				GENERATE_INFOPLIST_FILE = YES;
				INFOPLIST_FILE = Layout/Info.plist;
				INFOPLIST_KEY_UIApplicationSupportsIndirectInputEvents = YES;
				INFOPLIST_KEY_UILaunchStoryboardName = LaunchScreen;
				INFOPLIST_KEY_UIMainStoryboardFile = Main;
				INFOPLIST_KEY_UISupportedInterfaceOrientations_iPad = "UIInterfaceOrientationPortrait UIInterfaceOrientationPortraitUpsideDown UIInterfaceOrientationLandscapeLeft UIInterfaceOrientationLandscapeRight";
				INFOPLIST_KEY_UISupportedInterfaceOrientations_iPhone = "UIInterfaceOrientationPortrait UIInterfaceOrientationLandscapeLeft UIInterfaceOrientationLandscapeRight";
				LD_RUNPATH_SEARCH_PATHS = (
					"$(inherited)",
					"@executable_path/Frameworks",
				);
				MARKETING_VERSION = 1.0;
				PRODUCT_BUNDLE_IDENTIFIER = com.melisaozturk.layout.Layout;
				PRODUCT_NAME = "$(TARGET_NAME)";
				SWIFT_EMIT_LOC_STRINGS = YES;
				SWIFT_VERSION = 5.0;
				TARGETED_DEVICE_FAMILY = "1,2";
			};
			name = Release;
		};
		314F39862971517700A8E793 /* Debug */ = {
			isa = XCBuildConfiguration;
			buildSettings = {
				ALWAYS_EMBED_SWIFT_STANDARD_LIBRARIES = YES;
				BUNDLE_LOADER = "$(TEST_HOST)";
				CODE_SIGN_STYLE = Automatic;
				CURRENT_PROJECT_VERSION = 1;
				DEVELOPMENT_TEAM = 89V38JVH85;
				GENERATE_INFOPLIST_FILE = YES;
				IPHONEOS_DEPLOYMENT_TARGET = 16.0;
				MARKETING_VERSION = 1.0;
				PRODUCT_BUNDLE_IDENTIFIER = com.melisaozturk.layout.LayoutTests;
				PRODUCT_NAME = "$(TARGET_NAME)";
				SWIFT_EMIT_LOC_STRINGS = NO;
				SWIFT_VERSION = 5.0;
				TARGETED_DEVICE_FAMILY = "1,2";
				TEST_HOST = "$(BUILT_PRODUCTS_DIR)/Layout.app/$(BUNDLE_EXECUTABLE_FOLDER_PATH)/Layout";
			};
			name = Debug;
		};
		314F39872971517700A8E793 /* Release */ = {
			isa = XCBuildConfiguration;
			buildSettings = {
				ALWAYS_EMBED_SWIFT_STANDARD_LIBRARIES = YES;
				BUNDLE_LOADER = "$(TEST_HOST)";
				CODE_SIGN_STYLE = Automatic;
				CURRENT_PROJECT_VERSION = 1;
				DEVELOPMENT_TEAM = 89V38JVH85;
				GENERATE_INFOPLIST_FILE = YES;
				IPHONEOS_DEPLOYMENT_TARGET = 16.0;
				MARKETING_VERSION = 1.0;
				PRODUCT_BUNDLE_IDENTIFIER = com.melisaozturk.layout.LayoutTests;
				PRODUCT_NAME = "$(TARGET_NAME)";
				SWIFT_EMIT_LOC_STRINGS = NO;
				SWIFT_VERSION = 5.0;
				TARGETED_DEVICE_FAMILY = "1,2";
				TEST_HOST = "$(BUILT_PRODUCTS_DIR)/Layout.app/$(BUNDLE_EXECUTABLE_FOLDER_PATH)/Layout";
			};
			name = Release;
		};
		314F39892971517700A8E793 /* Debug */ = {
			isa = XCBuildConfiguration;
			buildSettings = {
				ALWAYS_EMBED_SWIFT_STANDARD_LIBRARIES = YES;
				CODE_SIGN_STYLE = Automatic;
				CURRENT_PROJECT_VERSION = 1;
				DEVELOPMENT_TEAM = 89V38JVH85;
				GENERATE_INFOPLIST_FILE = YES;
				MARKETING_VERSION = 1.0;
				PRODUCT_BUNDLE_IDENTIFIER = com.melisaozturk.layout.LayoutUITests;
				PRODUCT_NAME = "$(TARGET_NAME)";
				SWIFT_EMIT_LOC_STRINGS = NO;
				SWIFT_VERSION = 5.0;
				TARGETED_DEVICE_FAMILY = "1,2";
				TEST_TARGET_NAME = Layout;
			};
			name = Debug;
		};
		314F398A2971517700A8E793 /* Release */ = {
			isa = XCBuildConfiguration;
			buildSettings = {
				ALWAYS_EMBED_SWIFT_STANDARD_LIBRARIES = YES;
				CODE_SIGN_STYLE = Automatic;
				CURRENT_PROJECT_VERSION = 1;
				DEVELOPMENT_TEAM = 89V38JVH85;
				GENERATE_INFOPLIST_FILE = YES;
				MARKETING_VERSION = 1.0;
				PRODUCT_BUNDLE_IDENTIFIER = com.melisaozturk.layout.LayoutUITests;
				PRODUCT_NAME = "$(TARGET_NAME)";
				SWIFT_EMIT_LOC_STRINGS = NO;
				SWIFT_VERSION = 5.0;
				TARGETED_DEVICE_FAMILY = "1,2";
				TEST_TARGET_NAME = Layout;
			};
			name = Release;
		};
/* End XCBuildConfiguration section */

/* Begin XCConfigurationList section */
		314F39532971517500A8E793 /* Build configuration list for PBXProject "Layout" */ = {
			isa = XCConfigurationList;
			buildConfigurations = (
				314F39802971517700A8E793 /* Debug */,
				314F39812971517700A8E793 /* Release */,
			);
			defaultConfigurationIsVisible = 0;
			defaultConfigurationName = Release;
		};
		314F39822971517700A8E793 /* Build configuration list for PBXNativeTarget "Layout" */ = {
			isa = XCConfigurationList;
			buildConfigurations = (
				314F39832971517700A8E793 /* Debug */,
				314F39842971517700A8E793 /* Release */,
			);
			defaultConfigurationIsVisible = 0;
			defaultConfigurationName = Release;
		};
		314F39852971517700A8E793 /* Build configuration list for PBXNativeTarget "LayoutTests" */ = {
			isa = XCConfigurationList;
			buildConfigurations = (
				314F39862971517700A8E793 /* Debug */,
				314F39872971517700A8E793 /* Release */,
			);
			defaultConfigurationIsVisible = 0;
			defaultConfigurationName = Release;
		};
		314F39882971517700A8E793 /* Build configuration list for PBXNativeTarget "LayoutUITests" */ = {
			isa = XCConfigurationList;
			buildConfigurations = (
				314F39892971517700A8E793 /* Debug */,
				314F398A2971517700A8E793 /* Release */,
			);
			defaultConfigurationIsVisible = 0;
			defaultConfigurationName = Release;
		};
/* End XCConfigurationList section */
	};
	rootObject = 314F39502971517500A8E793 /* Project object */;
}
